
Microsoft Visual Studio Solution File, Format Version 12.00
# Visual Studio Version 17
VisualStudioVersion = 17.4.33122.133
MinimumVisualStudioVersion = 10.0.40219.1
Project("{9A19103F-16F7-4668-BE54-9A1E7A4F7556}") = "Listas", "Listas\Listas.csproj", "{2E83E231-F5BB-4974-98C9-C975C7CF8F57}"
EndProject
Project("{FAE04EC0-301F-11D3-BF4B-00C04F79EFBC}") = "Listas2", "Listas2\Listas2.csproj", "{2BF15710-5B73-4E41-A5B7-613B5922252D}"
EndProject
Project("{FAE04EC0-301F-11D3-BF4B-00C04F79EFBC}") = "Exercicio1", "Exercicio1\Exercicio1.csproj", "{0DC20C4C-03F1-4E7F-BB1F-C80AE7C439EB}"
EndProject
Global
	GlobalSection(SolutionConfigurationPlatforms) = preSolution
		Debug|Any CPU = Debug|Any CPU
		Release|Any CPU = Release|Any CPU
	EndGlobalSection
	GlobalSection(ProjectConfigurationPlatforms) = postSolution
		{2E83E231-F5BB-4974-98C9-C975C7CF8F57}.Debug|Any CPU.ActiveCfg = Debug|Any CPU
		{2E83E231-F5BB-4974-98C9-C975C7CF8F57}.Debug|Any CPU.Build.0 = Debug|Any CPU
		{2E83E231-F5BB-4974-98C9-C975C7CF8F57}.Release|Any CPU.ActiveCfg = Release|Any CPU
		{2E83E231-F5BB-4974-98C9-C975C7CF8F57}.Release|Any CPU.Build.0 = Release|Any CPU
		{2BF15710-5B73-4E41-A5B7-613B5922252D}.Debug|Any CPU.ActiveCfg = Debug|Any CPU
		{2BF15710-5B73-4E41-A5B7-613B5922252D}.Debug|Any CPU.Build.0 = Debug|Any CPU
		{2BF15710-5B73-4E41-A5B7-613B5922252D}.Release|Any CPU.ActiveCfg = Release|Any CPU
		{2BF15710-5B73-4E41-A5B7-613B5922252D}.Release|Any CPU.Build.0 = Release|Any CPU
		{0DC20C4C-03F1-4E7F-BB1F-C80AE7C439EB}.Debug|Any CPU.ActiveCfg = Debug|Any CPU
		{0DC20C4C-03F1-4E7F-BB1F-C80AE7C439EB}.Debug|Any CPU.Build.0 = Debug|Any CPU
		{0DC20C4C-03F1-4E7F-BB1F-C80AE7C439EB}.Release|Any CPU.ActiveCfg = Release|Any CPU
		{0DC20C4C-03F1-4E7F-BB1F-C80AE7C439EB}.Release|Any CPU.Build.0 = Release|Any CPU
	EndGlobalSection
	GlobalSection(SolutionProperties) = preSolution
		HideSolutionNode = FALSE
	EndGlobalSection
	GlobalSection(ExtensibilityGlobals) = postSolution
		SolutionGuid = {6FBE4924-0AC8-43C6-A533-29C86F69432A}
	EndGlobalSection
EndGlobal
