
Microsoft Visual Studio Solution File, Format Version 12.00
# Visual Studio Version 17
VisualStudioVersion = 17.4.33122.133
MinimumVisualStudioVersion = 10.0.40219.1
Project("{9A19103F-16F7-4668-BE54-9A1E7A4F7556}") = "TopicosEspeciais", "TopicosEspeciais\TopicosEspeciais.csproj", "{6967E21B-C7BD-44EE-A9C4-B7AE0D7162CE}"
EndProject
Project("{9A19103F-16F7-4668-BE54-9A1E7A4F7556}") = "SwitchCase", "SwitchCase\SwitchCase.csproj", "{2F3F16BE-C3A3-4254-99BF-EB8AF9070C4D}"
EndProject
Project("{9A19103F-16F7-4668-BE54-9A1E7A4F7556}") = "ExpressaoTernaria", "ExpressaoTernaria\ExpressaoTernaria.csproj", "{76587B33-23E2-4F3A-B87B-03C698D021B8}"
EndProject
Project("{9A19103F-16F7-4668-BE54-9A1E7A4F7556}") = "FuncoesStrings", "FuncoesStrings\FuncoesStrings.csproj", "{D9AEF807-6B92-4176-810D-572E1C3A98E7}"
EndProject
Project("{FAE04EC0-301F-11D3-BF4B-00C04F79EFBC}") = "DateTime", "DateTime\DateTime.csproj", "{7E94C5F9-084D-4480-8DB3-4F3881014AD0}"
EndProject
Project("{FAE04EC0-301F-11D3-BF4B-00C04F79EFBC}") = "TimeSpan", "TimeSpan\TimeSpan.csproj", "{5D605248-E916-4D99-86CA-1724DBF775DB}"
EndProject
Project("{FAE04EC0-301F-11D3-BF4B-00C04F79EFBC}") = "Exercicio", "Exercicio\Exercicio.csproj", "{5E1DFFC2-BBAB-46A3-A737-1A98FFFC3A4B}"
EndProject
Project("{FAE04EC0-301F-11D3-BF4B-00C04F79EFBC}") = "PropriedadesEOperacoesComTimeSpan", "PropriedadesEOperacoesComTimeSpan\PropriedadesEOperacoesComTimeSpan.csproj", "{57ECF693-4449-4D59-8E29-333CB5803318}"
EndProject
Project("{FAE04EC0-301F-11D3-BF4B-00C04F79EFBC}") = "DateTimeKind", "DateTimeKind\DateTimeKind.csproj", "{7D317E8A-5BB1-4B86-9275-EE1AACD381AE}"
EndProject
Global
	GlobalSection(SolutionConfigurationPlatforms) = preSolution
		Debug|Any CPU = Debug|Any CPU
		Release|Any CPU = Release|Any CPU
	EndGlobalSection
	GlobalSection(ProjectConfigurationPlatforms) = postSolution
		{6967E21B-C7BD-44EE-A9C4-B7AE0D7162CE}.Debug|Any CPU.ActiveCfg = Debug|Any CPU
		{6967E21B-C7BD-44EE-A9C4-B7AE0D7162CE}.Debug|Any CPU.Build.0 = Debug|Any CPU
		{6967E21B-C7BD-44EE-A9C4-B7AE0D7162CE}.Release|Any CPU.ActiveCfg = Release|Any CPU
		{6967E21B-C7BD-44EE-A9C4-B7AE0D7162CE}.Release|Any CPU.Build.0 = Release|Any CPU
		{2F3F16BE-C3A3-4254-99BF-EB8AF9070C4D}.Debug|Any CPU.ActiveCfg = Debug|Any CPU
		{2F3F16BE-C3A3-4254-99BF-EB8AF9070C4D}.Debug|Any CPU.Build.0 = Debug|Any CPU
		{2F3F16BE-C3A3-4254-99BF-EB8AF9070C4D}.Release|Any CPU.ActiveCfg = Release|Any CPU
		{2F3F16BE-C3A3-4254-99BF-EB8AF9070C4D}.Release|Any CPU.Build.0 = Release|Any CPU
		{76587B33-23E2-4F3A-B87B-03C698D021B8}.Debug|Any CPU.ActiveCfg = Debug|Any CPU
		{76587B33-23E2-4F3A-B87B-03C698D021B8}.Debug|Any CPU.Build.0 = Debug|Any CPU
		{76587B33-23E2-4F3A-B87B-03C698D021B8}.Release|Any CPU.ActiveCfg = Release|Any CPU
		{76587B33-23E2-4F3A-B87B-03C698D021B8}.Release|Any CPU.Build.0 = Release|Any CPU
		{D9AEF807-6B92-4176-810D-572E1C3A98E7}.Debug|Any CPU.ActiveCfg = Debug|Any CPU
		{D9AEF807-6B92-4176-810D-572E1C3A98E7}.Debug|Any CPU.Build.0 = Debug|Any CPU
		{D9AEF807-6B92-4176-810D-572E1C3A98E7}.Release|Any CPU.ActiveCfg = Release|Any CPU
		{D9AEF807-6B92-4176-810D-572E1C3A98E7}.Release|Any CPU.Build.0 = Release|Any CPU
		{7E94C5F9-084D-4480-8DB3-4F3881014AD0}.Debug|Any CPU.ActiveCfg = Debug|Any CPU
		{7E94C5F9-084D-4480-8DB3-4F3881014AD0}.Debug|Any CPU.Build.0 = Debug|Any CPU
		{7E94C5F9-084D-4480-8DB3-4F3881014AD0}.Release|Any CPU.ActiveCfg = Release|Any CPU
		{7E94C5F9-084D-4480-8DB3-4F3881014AD0}.Release|Any CPU.Build.0 = Release|Any CPU
		{5D605248-E916-4D99-86CA-1724DBF775DB}.Debug|Any CPU.ActiveCfg = Debug|Any CPU
		{5D605248-E916-4D99-86CA-1724DBF775DB}.Debug|Any CPU.Build.0 = Debug|Any CPU
		{5D605248-E916-4D99-86CA-1724DBF775DB}.Release|Any CPU.ActiveCfg = Release|Any CPU
		{5D605248-E916-4D99-86CA-1724DBF775DB}.Release|Any CPU.Build.0 = Release|Any CPU
		{5E1DFFC2-BBAB-46A3-A737-1A98FFFC3A4B}.Debug|Any CPU.ActiveCfg = Debug|Any CPU
		{5E1DFFC2-BBAB-46A3-A737-1A98FFFC3A4B}.Debug|Any CPU.Build.0 = Debug|Any CPU
		{5E1DFFC2-BBAB-46A3-A737-1A98FFFC3A4B}.Release|Any CPU.ActiveCfg = Release|Any CPU
		{5E1DFFC2-BBAB-46A3-A737-1A98FFFC3A4B}.Release|Any CPU.Build.0 = Release|Any CPU
		{57ECF693-4449-4D59-8E29-333CB5803318}.Debug|Any CPU.ActiveCfg = Debug|Any CPU
		{57ECF693-4449-4D59-8E29-333CB5803318}.Debug|Any CPU.Build.0 = Debug|Any CPU
		{57ECF693-4449-4D59-8E29-333CB5803318}.Release|Any CPU.ActiveCfg = Release|Any CPU
		{57ECF693-4449-4D59-8E29-333CB5803318}.Release|Any CPU.Build.0 = Release|Any CPU
		{7D317E8A-5BB1-4B86-9275-EE1AACD381AE}.Debug|Any CPU.ActiveCfg = Debug|Any CPU
		{7D317E8A-5BB1-4B86-9275-EE1AACD381AE}.Debug|Any CPU.Build.0 = Debug|Any CPU
		{7D317E8A-5BB1-4B86-9275-EE1AACD381AE}.Release|Any CPU.ActiveCfg = Release|Any CPU
		{7D317E8A-5BB1-4B86-9275-EE1AACD381AE}.Release|Any CPU.Build.0 = Release|Any CPU
	EndGlobalSection
	GlobalSection(SolutionProperties) = preSolution
		HideSolutionNode = FALSE
	EndGlobalSection
	GlobalSection(ExtensibilityGlobals) = postSolution
		SolutionGuid = {E9121D87-9330-483F-8FD7-201FADF555BE}
	EndGlobalSection
EndGlobal
